
Microsoft Visual Studio Solution File, Format Version 12.00
# Visual Studio Version 16
VisualStudioVersion = 16.0.31515.178
MinimumVisualStudioVersion = 10.0.40219.1
Project("{8BC9CEB8-8B4A-11D0-8D11-00A0C91BC942}") = "FlappyBird3D", "FlappyBird3D.vcxproj", "{ABAD2814-5768-4D91-A2B4-AF236AAE3AF9}"
EndProject
Global
	GlobalSection(SolutionConfigurationPlatforms) = preSolution
		Debug|x64 = Debug|x64
		Debug|x86 = Debug|x86
		Release|x64 = Release|x64
		Release|x86 = Release|x86
	EndGlobalSection
	GlobalSection(ProjectConfigurationPlatforms) = postSolution
		{ABAD2814-5768-4D91-A2B4-AF236AAE3AF9}.Debug|x64.ActiveCfg = Debug|x64
		{ABAD2814-5768-4D91-A2B4-AF236AAE3AF9}.Debug|x64.Build.0 = Debug|x64
		{ABAD2814-5768-4D91-A2B4-AF236AAE3AF9}.Debug|x86.ActiveCfg = Debug|Win32
		{ABAD2814-5768-4D91-A2B4-AF236AAE3AF9}.Debug|x86.Build.0 = Debug|Win32
		{ABAD2814-5768-4D91-A2B4-AF236AAE3AF9}.Release|x64.ActiveCfg = Release|x64
		{ABAD2814-5768-4D91-A2B4-AF236AAE3AF9}.Release|x64.Build.0 = Release|x64
		{ABAD2814-5768-4D91-A2B4-AF236AAE3AF9}.Release|x86.ActiveCfg = Release|Win32
		{ABAD2814-5768-4D91-A2B4-AF236AAE3AF9}.Release|x86.Build.0 = Release|Win32
	EndGlobalSection
	GlobalSection(SolutionProperties) = preSolution
		HideSolutionNode = FALSE
	EndGlobalSection
	GlobalSection(ExtensibilityGlobals) = postSolution
		SolutionGuid = {06784E29-DE50-4C9A-9A4F-1676CFC0D0BA}
	EndGlobalSection
EndGlobal
